
Microsoft Visual Studio Solution File, Format Version 12.00
# Visual Studio Version 17
VisualStudioVersion = 17.2.32519.379
MinimumVisualStudioVersion = 10.0.40219.1
Project("{FAE04EC0-301F-11D3-BF4B-00C04F79EFBC}") = "matematiniaiVeiksmai", "matematiniaiVeiksmai\matematiniaiVeiksmai.csproj", "{950FD948-A6A5-4274-B2D6-31C4BA18057A}"
EndProject
Global
	GlobalSection(SolutionConfigurationPlatforms) = preSolution
		Debug|Any CPU = Debug|Any CPU
		Release|Any CPU = Release|Any CPU
	EndGlobalSection
	GlobalSection(ProjectConfigurationPlatforms) = postSolution
		{950FD948-A6A5-4274-B2D6-31C4BA18057A}.Debug|Any CPU.ActiveCfg = Debug|Any CPU
		{950FD948-A6A5-4274-B2D6-31C4BA18057A}.Debug|Any CPU.Build.0 = Debug|Any CPU
		{950FD948-A6A5-4274-B2D6-31C4BA18057A}.Release|Any CPU.ActiveCfg = Release|Any CPU
		{950FD948-A6A5-4274-B2D6-31C4BA18057A}.Release|Any CPU.Build.0 = Release|Any CPU
	EndGlobalSection
	GlobalSection(SolutionProperties) = preSolution
		HideSolutionNode = FALSE
	EndGlobalSection
	GlobalSection(ExtensibilityGlobals) = postSolution
		SolutionGuid = {73BB949B-C46E-48F1-91BB-B2383B694339}
	EndGlobalSection
EndGlobal
