
Microsoft Visual Studio Solution File, Format Version 12.00
# Visual Studio Version 17
VisualStudioVersion = 17.2.32519.379
MinimumVisualStudioVersion = 10.0.40219.1
Project("{FAE04EC0-301F-11D3-BF4B-00C04F79EFBC}") = "ListPraktika", "ListPraktika\ListPraktika.csproj", "{1C0AF2D1-4A82-418E-A106-34DFF01BEF63}"
EndProject
Project("{FAE04EC0-301F-11D3-BF4B-00C04F79EFBC}") = "ListTests", "ListTests\ListTests.csproj", "{2CA40E74-0EE7-4135-B3E5-8C27598DEE2E}"
EndProject
Global
	GlobalSection(SolutionConfigurationPlatforms) = preSolution
		Debug|Any CPU = Debug|Any CPU
		Release|Any CPU = Release|Any CPU
	EndGlobalSection
	GlobalSection(ProjectConfigurationPlatforms) = postSolution
		{1C0AF2D1-4A82-418E-A106-34DFF01BEF63}.Debug|Any CPU.ActiveCfg = Debug|Any CPU
		{1C0AF2D1-4A82-418E-A106-34DFF01BEF63}.Debug|Any CPU.Build.0 = Debug|Any CPU
		{1C0AF2D1-4A82-418E-A106-34DFF01BEF63}.Release|Any CPU.ActiveCfg = Release|Any CPU
		{1C0AF2D1-4A82-418E-A106-34DFF01BEF63}.Release|Any CPU.Build.0 = Release|Any CPU
		{2CA40E74-0EE7-4135-B3E5-8C27598DEE2E}.Debug|Any CPU.ActiveCfg = Debug|Any CPU
		{2CA40E74-0EE7-4135-B3E5-8C27598DEE2E}.Debug|Any CPU.Build.0 = Debug|Any CPU
		{2CA40E74-0EE7-4135-B3E5-8C27598DEE2E}.Release|Any CPU.ActiveCfg = Release|Any CPU
		{2CA40E74-0EE7-4135-B3E5-8C27598DEE2E}.Release|Any CPU.Build.0 = Release|Any CPU
	EndGlobalSection
	GlobalSection(SolutionProperties) = preSolution
		HideSolutionNode = FALSE
	EndGlobalSection
	GlobalSection(ExtensibilityGlobals) = postSolution
		SolutionGuid = {DC3F888A-B034-4B14-AB46-4A6E3C4C6972}
	EndGlobalSection
EndGlobal
