
Microsoft Visual Studio Solution File, Format Version 12.00
# Visual Studio Version 17
VisualStudioVersion = 17.2.32519.379
MinimumVisualStudioVersion = 10.0.40219.1
Project("{FAE04EC0-301F-11D3-BF4B-00C04F79EFBC}") = "OOP_praktika", "OOP_praktika\OOP_praktika.csproj", "{FB6B344E-9CB9-43BF-A0AC-95D0DD801875}"
EndProject
Project("{FAE04EC0-301F-11D3-BF4B-00C04F79EFBC}") = "OOP_praktika_homework", "OOP_praktika_homework\OOP_praktika_homework.csproj", "{72D255C7-C3A5-4CF9-9CBE-9A476393CD62}"
EndProject
Global
	GlobalSection(SolutionConfigurationPlatforms) = preSolution
		Debug|Any CPU = Debug|Any CPU
		Release|Any CPU = Release|Any CPU
	EndGlobalSection
	GlobalSection(ProjectConfigurationPlatforms) = postSolution
		{FB6B344E-9CB9-43BF-A0AC-95D0DD801875}.Debug|Any CPU.ActiveCfg = Debug|Any CPU
		{FB6B344E-9CB9-43BF-A0AC-95D0DD801875}.Debug|Any CPU.Build.0 = Debug|Any CPU
		{FB6B344E-9CB9-43BF-A0AC-95D0DD801875}.Release|Any CPU.ActiveCfg = Release|Any CPU
		{FB6B344E-9CB9-43BF-A0AC-95D0DD801875}.Release|Any CPU.Build.0 = Release|Any CPU
		{72D255C7-C3A5-4CF9-9CBE-9A476393CD62}.Debug|Any CPU.ActiveCfg = Debug|Any CPU
		{72D255C7-C3A5-4CF9-9CBE-9A476393CD62}.Debug|Any CPU.Build.0 = Debug|Any CPU
		{72D255C7-C3A5-4CF9-9CBE-9A476393CD62}.Release|Any CPU.ActiveCfg = Release|Any CPU
		{72D255C7-C3A5-4CF9-9CBE-9A476393CD62}.Release|Any CPU.Build.0 = Release|Any CPU
	EndGlobalSection
	GlobalSection(SolutionProperties) = preSolution
		HideSolutionNode = FALSE
	EndGlobalSection
	GlobalSection(ExtensibilityGlobals) = postSolution
		SolutionGuid = {4A40408F-8F98-4814-9712-468D8C7F20EA}
	EndGlobalSection
EndGlobal
