
Microsoft Visual Studio Solution File, Format Version 12.00
# Visual Studio Version 17
VisualStudioVersion = 17.2.32519.379
MinimumVisualStudioVersion = 10.0.40219.1
Project("{9A19103F-16F7-4668-BE54-9A1E7A4F7556}") = "OOP_praktika", "OOP_praktika\OOP_praktika.csproj", "{FB6B344E-9CB9-43BF-A0AC-95D0DD801875}"
EndProject
Project("{9A19103F-16F7-4668-BE54-9A1E7A4F7556}") = "OOP_praktika_homework", "OOP_praktika_homework\OOP_praktika_homework.csproj", "{72D255C7-C3A5-4CF9-9CBE-9A476393CD62}"
EndProject
Project("{FAE04EC0-301F-11D3-BF4B-00C04F79EFBC}") = "OOP_praktika_5uz", "OOP_praktika_5uz\OOP_praktika_5uz.csproj", "{8F6C6F9A-ECE3-4F97-B1C4-A75E71FC6D9E}"
EndProject
Project("{FAE04EC0-301F-11D3-BF4B-00C04F79EFBC}") = "OOP_praktika_uz6", "OOP_praktika_uz6\OOP_praktika_uz6.csproj", "{42436AF6-E975-417B-8389-8DE094AC16B5}"
EndProject
Project("{FAE04EC0-301F-11D3-BF4B-00C04F79EFBC}") = "OOP_praktika_uz7", "OOP_praktika_uz7\OOP_praktika_uz7.csproj", "{DCA0F4D8-08E3-47F2-8756-2360B98C9672}"
EndProject
Global
	GlobalSection(SolutionConfigurationPlatforms) = preSolution
		Debug|Any CPU = Debug|Any CPU
		Release|Any CPU = Release|Any CPU
	EndGlobalSection
	GlobalSection(ProjectConfigurationPlatforms) = postSolution
		{FB6B344E-9CB9-43BF-A0AC-95D0DD801875}.Debug|Any CPU.ActiveCfg = Debug|Any CPU
		{FB6B344E-9CB9-43BF-A0AC-95D0DD801875}.Debug|Any CPU.Build.0 = Debug|Any CPU
		{FB6B344E-9CB9-43BF-A0AC-95D0DD801875}.Release|Any CPU.ActiveCfg = Release|Any CPU
		{FB6B344E-9CB9-43BF-A0AC-95D0DD801875}.Release|Any CPU.Build.0 = Release|Any CPU
		{72D255C7-C3A5-4CF9-9CBE-9A476393CD62}.Debug|Any CPU.ActiveCfg = Debug|Any CPU
		{72D255C7-C3A5-4CF9-9CBE-9A476393CD62}.Debug|Any CPU.Build.0 = Debug|Any CPU
		{72D255C7-C3A5-4CF9-9CBE-9A476393CD62}.Release|Any CPU.ActiveCfg = Release|Any CPU
		{72D255C7-C3A5-4CF9-9CBE-9A476393CD62}.Release|Any CPU.Build.0 = Release|Any CPU
		{8F6C6F9A-ECE3-4F97-B1C4-A75E71FC6D9E}.Debug|Any CPU.ActiveCfg = Debug|Any CPU
		{8F6C6F9A-ECE3-4F97-B1C4-A75E71FC6D9E}.Debug|Any CPU.Build.0 = Debug|Any CPU
		{8F6C6F9A-ECE3-4F97-B1C4-A75E71FC6D9E}.Release|Any CPU.ActiveCfg = Release|Any CPU
		{8F6C6F9A-ECE3-4F97-B1C4-A75E71FC6D9E}.Release|Any CPU.Build.0 = Release|Any CPU
		{42436AF6-E975-417B-8389-8DE094AC16B5}.Debug|Any CPU.ActiveCfg = Debug|Any CPU
		{42436AF6-E975-417B-8389-8DE094AC16B5}.Debug|Any CPU.Build.0 = Debug|Any CPU
		{42436AF6-E975-417B-8389-8DE094AC16B5}.Release|Any CPU.ActiveCfg = Release|Any CPU
		{42436AF6-E975-417B-8389-8DE094AC16B5}.Release|Any CPU.Build.0 = Release|Any CPU
		{DCA0F4D8-08E3-47F2-8756-2360B98C9672}.Debug|Any CPU.ActiveCfg = Debug|Any CPU
		{DCA0F4D8-08E3-47F2-8756-2360B98C9672}.Debug|Any CPU.Build.0 = Debug|Any CPU
		{DCA0F4D8-08E3-47F2-8756-2360B98C9672}.Release|Any CPU.ActiveCfg = Release|Any CPU
		{DCA0F4D8-08E3-47F2-8756-2360B98C9672}.Release|Any CPU.Build.0 = Release|Any CPU
	EndGlobalSection
	GlobalSection(SolutionProperties) = preSolution
		HideSolutionNode = FALSE
	EndGlobalSection
	GlobalSection(ExtensibilityGlobals) = postSolution
		SolutionGuid = {4A40408F-8F98-4814-9712-468D8C7F20EA}
	EndGlobalSection
EndGlobal
