
Microsoft Visual Studio Solution File, Format Version 12.00
# Visual Studio Version 17
VisualStudioVersion = 17.2.32519.379
MinimumVisualStudioVersion = 10.0.40219.1
Project("{FAE04EC0-301F-11D3-BF4B-00C04F79EFBC}") = "uzduotis4", "uzduotis4\uzduotis4.csproj", "{7ADDA685-A759-401B-94EE-5E9B68752D42}"
EndProject
Global
	GlobalSection(SolutionConfigurationPlatforms) = preSolution
		Debug|Any CPU = Debug|Any CPU
		Release|Any CPU = Release|Any CPU
	EndGlobalSection
	GlobalSection(ProjectConfigurationPlatforms) = postSolution
		{7ADDA685-A759-401B-94EE-5E9B68752D42}.Debug|Any CPU.ActiveCfg = Debug|Any CPU
		{7ADDA685-A759-401B-94EE-5E9B68752D42}.Debug|Any CPU.Build.0 = Debug|Any CPU
		{7ADDA685-A759-401B-94EE-5E9B68752D42}.Release|Any CPU.ActiveCfg = Release|Any CPU
		{7ADDA685-A759-401B-94EE-5E9B68752D42}.Release|Any CPU.Build.0 = Release|Any CPU
	EndGlobalSection
	GlobalSection(SolutionProperties) = preSolution
		HideSolutionNode = FALSE
	EndGlobalSection
	GlobalSection(ExtensibilityGlobals) = postSolution
		SolutionGuid = {692A2E7B-BC88-4557-89E2-A18459BFA30D}
	EndGlobalSection
EndGlobal
