
Microsoft Visual Studio Solution File, Format Version 12.00
# Visual Studio Version 17
VisualStudioVersion = 17.2.32519.379
MinimumVisualStudioVersion = 10.0.40219.1
Project("{FAE04EC0-301F-11D3-BF4B-00C04F79EFBC}") = "Intro", "Intro\Intro.csproj", "{2FF0A48C-D70D-4EB8-93CE-17C71772B90D}"
EndProject
Project("{FAE04EC0-301F-11D3-BF4B-00C04F79EFBC}") = "Intro.Domain", "Intro.Domain\Intro.Domain.csproj", "{C9BDDD71-3540-492E-801D-13CC790078B5}"
EndProject
Project("{FAE04EC0-301F-11D3-BF4B-00C04F79EFBC}") = "Intro.Infrastructure", "Intro.Infrastructure\Intro.Infrastructure.csproj", "{BD9B64BE-15FD-4527-A314-9EF7E9F4958D}"
EndProject
Global
	GlobalSection(SolutionConfigurationPlatforms) = preSolution
		Debug|Any CPU = Debug|Any CPU
		Release|Any CPU = Release|Any CPU
	EndGlobalSection
	GlobalSection(ProjectConfigurationPlatforms) = postSolution
		{2FF0A48C-D70D-4EB8-93CE-17C71772B90D}.Debug|Any CPU.ActiveCfg = Debug|Any CPU
		{2FF0A48C-D70D-4EB8-93CE-17C71772B90D}.Debug|Any CPU.Build.0 = Debug|Any CPU
		{2FF0A48C-D70D-4EB8-93CE-17C71772B90D}.Release|Any CPU.ActiveCfg = Release|Any CPU
		{2FF0A48C-D70D-4EB8-93CE-17C71772B90D}.Release|Any CPU.Build.0 = Release|Any CPU
		{C9BDDD71-3540-492E-801D-13CC790078B5}.Debug|Any CPU.ActiveCfg = Debug|Any CPU
		{C9BDDD71-3540-492E-801D-13CC790078B5}.Debug|Any CPU.Build.0 = Debug|Any CPU
		{C9BDDD71-3540-492E-801D-13CC790078B5}.Release|Any CPU.ActiveCfg = Release|Any CPU
		{C9BDDD71-3540-492E-801D-13CC790078B5}.Release|Any CPU.Build.0 = Release|Any CPU
		{BD9B64BE-15FD-4527-A314-9EF7E9F4958D}.Debug|Any CPU.ActiveCfg = Debug|Any CPU
		{BD9B64BE-15FD-4527-A314-9EF7E9F4958D}.Debug|Any CPU.Build.0 = Debug|Any CPU
		{BD9B64BE-15FD-4527-A314-9EF7E9F4958D}.Release|Any CPU.ActiveCfg = Release|Any CPU
		{BD9B64BE-15FD-4527-A314-9EF7E9F4958D}.Release|Any CPU.Build.0 = Release|Any CPU
	EndGlobalSection
	GlobalSection(SolutionProperties) = preSolution
		HideSolutionNode = FALSE
	EndGlobalSection
	GlobalSection(ExtensibilityGlobals) = postSolution
		SolutionGuid = {B36D7957-1482-4575-842F-FEF943925366}
	EndGlobalSection
EndGlobal
