
Microsoft Visual Studio Solution File, Format Version 12.00
# Visual Studio Version 17
VisualStudioVersion = 17.2.32519.379
MinimumVisualStudioVersion = 10.0.40219.1
Project("{FAE04EC0-301F-11D3-BF4B-00C04F79EFBC}") = "QueryingSQLite", "QueryingSQLite\QueryingSQLite.csproj", "{EDC90A15-0B11-4AB3-A98E-9DB605BE38DF}"
EndProject
Project("{FAE04EC0-301F-11D3-BF4B-00C04F79EFBC}") = "QueryingSQLite.Domain", "QueryingSQLite.Domain\QueryingSQLite.Domain.csproj", "{03DB2E18-78E5-4B49-B7CF-A202D3629256}"
EndProject
Project("{FAE04EC0-301F-11D3-BF4B-00C04F79EFBC}") = "QueryingSQLite.Infrastructure", "QueryingSQLite.Infrastructure\QueryingSQLite.Infrastructure.csproj", "{C4CFF79C-5CB9-4EEC-BE00-E54F6F7699EC}"
EndProject
Global
	GlobalSection(SolutionConfigurationPlatforms) = preSolution
		Debug|Any CPU = Debug|Any CPU
		Release|Any CPU = Release|Any CPU
	EndGlobalSection
	GlobalSection(ProjectConfigurationPlatforms) = postSolution
		{EDC90A15-0B11-4AB3-A98E-9DB605BE38DF}.Debug|Any CPU.ActiveCfg = Debug|Any CPU
		{EDC90A15-0B11-4AB3-A98E-9DB605BE38DF}.Debug|Any CPU.Build.0 = Debug|Any CPU
		{EDC90A15-0B11-4AB3-A98E-9DB605BE38DF}.Release|Any CPU.ActiveCfg = Release|Any CPU
		{EDC90A15-0B11-4AB3-A98E-9DB605BE38DF}.Release|Any CPU.Build.0 = Release|Any CPU
		{03DB2E18-78E5-4B49-B7CF-A202D3629256}.Debug|Any CPU.ActiveCfg = Debug|Any CPU
		{03DB2E18-78E5-4B49-B7CF-A202D3629256}.Debug|Any CPU.Build.0 = Debug|Any CPU
		{03DB2E18-78E5-4B49-B7CF-A202D3629256}.Release|Any CPU.ActiveCfg = Release|Any CPU
		{03DB2E18-78E5-4B49-B7CF-A202D3629256}.Release|Any CPU.Build.0 = Release|Any CPU
		{C4CFF79C-5CB9-4EEC-BE00-E54F6F7699EC}.Debug|Any CPU.ActiveCfg = Debug|Any CPU
		{C4CFF79C-5CB9-4EEC-BE00-E54F6F7699EC}.Debug|Any CPU.Build.0 = Debug|Any CPU
		{C4CFF79C-5CB9-4EEC-BE00-E54F6F7699EC}.Release|Any CPU.ActiveCfg = Release|Any CPU
		{C4CFF79C-5CB9-4EEC-BE00-E54F6F7699EC}.Release|Any CPU.Build.0 = Release|Any CPU
	EndGlobalSection
	GlobalSection(SolutionProperties) = preSolution
		HideSolutionNode = FALSE
	EndGlobalSection
	GlobalSection(ExtensibilityGlobals) = postSolution
		SolutionGuid = {6F7F6172-A21D-4C38-81CE-65D46BD93CFF}
	EndGlobalSection
EndGlobal
