
Microsoft Visual Studio Solution File, Format Version 12.00
# Visual Studio Version 17
VisualStudioVersion = 17.2.32519.379
MinimumVisualStudioVersion = 10.0.40219.1
Project("{9A19103F-16F7-4668-BE54-9A1E7A4F7556}") = "debuginimoPraktika", "debuginimoPraktika\debuginimoPraktika.csproj", "{680072FB-FBC4-46B3-B596-5FF24022631F}"
EndProject
Project("{FAE04EC0-301F-11D3-BF4B-00C04F79EFBC}") = "Tests", "Tests\Tests.csproj", "{0D9A4BE5-B1DE-473A-8EBF-9CD6E5231364}"
EndProject
Global
	GlobalSection(SolutionConfigurationPlatforms) = preSolution
		Debug|Any CPU = Debug|Any CPU
		Release|Any CPU = Release|Any CPU
	EndGlobalSection
	GlobalSection(ProjectConfigurationPlatforms) = postSolution
		{680072FB-FBC4-46B3-B596-5FF24022631F}.Debug|Any CPU.ActiveCfg = Debug|Any CPU
		{680072FB-FBC4-46B3-B596-5FF24022631F}.Debug|Any CPU.Build.0 = Debug|Any CPU
		{680072FB-FBC4-46B3-B596-5FF24022631F}.Release|Any CPU.ActiveCfg = Release|Any CPU
		{680072FB-FBC4-46B3-B596-5FF24022631F}.Release|Any CPU.Build.0 = Release|Any CPU
		{0D9A4BE5-B1DE-473A-8EBF-9CD6E5231364}.Debug|Any CPU.ActiveCfg = Debug|Any CPU
		{0D9A4BE5-B1DE-473A-8EBF-9CD6E5231364}.Debug|Any CPU.Build.0 = Debug|Any CPU
		{0D9A4BE5-B1DE-473A-8EBF-9CD6E5231364}.Release|Any CPU.ActiveCfg = Release|Any CPU
		{0D9A4BE5-B1DE-473A-8EBF-9CD6E5231364}.Release|Any CPU.Build.0 = Release|Any CPU
	EndGlobalSection
	GlobalSection(SolutionProperties) = preSolution
		HideSolutionNode = FALSE
	EndGlobalSection
	GlobalSection(ExtensibilityGlobals) = postSolution
		SolutionGuid = {8C63B681-99C4-48C1-A827-014F9D193FC2}
	EndGlobalSection
EndGlobal
