
Microsoft Visual Studio Solution File, Format Version 12.00
# Visual Studio Version 17
VisualStudioVersion = 17.2.32519.379
MinimumVisualStudioVersion = 10.0.40219.1
Project("{FAE04EC0-301F-11D3-BF4B-00C04F79EFBC}") = "SuperSkaiciuotuvas", "SuperSkaiciuotuvas\SuperSkaiciuotuvas.csproj", "{07AA9FD0-8C2D-4D0F-9633-1D849B12AF19}"
EndProject
Project("{FAE04EC0-301F-11D3-BF4B-00C04F79EFBC}") = "SuperSkaiciuotuvas_Tests", "SuperSkaiciuotuvas_Tests\SuperSkaiciuotuvas_Tests.csproj", "{19E43CDC-717A-4A94-A373-D88E8C0EBB3B}"
EndProject
Global
	GlobalSection(SolutionConfigurationPlatforms) = preSolution
		Debug|Any CPU = Debug|Any CPU
		Release|Any CPU = Release|Any CPU
	EndGlobalSection
	GlobalSection(ProjectConfigurationPlatforms) = postSolution
		{07AA9FD0-8C2D-4D0F-9633-1D849B12AF19}.Debug|Any CPU.ActiveCfg = Debug|Any CPU
		{07AA9FD0-8C2D-4D0F-9633-1D849B12AF19}.Debug|Any CPU.Build.0 = Debug|Any CPU
		{07AA9FD0-8C2D-4D0F-9633-1D849B12AF19}.Release|Any CPU.ActiveCfg = Release|Any CPU
		{07AA9FD0-8C2D-4D0F-9633-1D849B12AF19}.Release|Any CPU.Build.0 = Release|Any CPU
		{19E43CDC-717A-4A94-A373-D88E8C0EBB3B}.Debug|Any CPU.ActiveCfg = Debug|Any CPU
		{19E43CDC-717A-4A94-A373-D88E8C0EBB3B}.Debug|Any CPU.Build.0 = Debug|Any CPU
		{19E43CDC-717A-4A94-A373-D88E8C0EBB3B}.Release|Any CPU.ActiveCfg = Release|Any CPU
		{19E43CDC-717A-4A94-A373-D88E8C0EBB3B}.Release|Any CPU.Build.0 = Release|Any CPU
	EndGlobalSection
	GlobalSection(SolutionProperties) = preSolution
		HideSolutionNode = FALSE
	EndGlobalSection
	GlobalSection(ExtensibilityGlobals) = postSolution
		SolutionGuid = {21B226EF-AAA7-4976-967B-67D4C5FD34FB}
	EndGlobalSection
EndGlobal
