
Microsoft Visual Studio Solution File, Format Version 12.00
# Visual Studio Version 17
VisualStudioVersion = 17.2.32519.379
MinimumVisualStudioVersion = 10.0.40219.1
Project("{FAE04EC0-301F-11D3-BF4B-00C04F79EFBC}") = "DictionaryPraktika", "DictionaryPraktika\DictionaryPraktika.csproj", "{4BF13984-071C-4CAE-8146-AED7903310CE}"
EndProject
Global
	GlobalSection(SolutionConfigurationPlatforms) = preSolution
		Debug|Any CPU = Debug|Any CPU
		Release|Any CPU = Release|Any CPU
	EndGlobalSection
	GlobalSection(ProjectConfigurationPlatforms) = postSolution
		{4BF13984-071C-4CAE-8146-AED7903310CE}.Debug|Any CPU.ActiveCfg = Debug|Any CPU
		{4BF13984-071C-4CAE-8146-AED7903310CE}.Debug|Any CPU.Build.0 = Debug|Any CPU
		{4BF13984-071C-4CAE-8146-AED7903310CE}.Release|Any CPU.ActiveCfg = Release|Any CPU
		{4BF13984-071C-4CAE-8146-AED7903310CE}.Release|Any CPU.Build.0 = Release|Any CPU
	EndGlobalSection
	GlobalSection(SolutionProperties) = preSolution
		HideSolutionNode = FALSE
	EndGlobalSection
	GlobalSection(ExtensibilityGlobals) = postSolution
		SolutionGuid = {6FFE6911-F047-4FE5-95B0-8ADF904E57EE}
	EndGlobalSection
EndGlobal
