
Microsoft Visual Studio Solution File, Format Version 12.00
# Visual Studio Version 17
VisualStudioVersion = 17.2.32519.379
MinimumVisualStudioVersion = 10.0.40219.1
Project("{FAE04EC0-301F-11D3-BF4B-00C04F79EFBC}") = "LINQ", "LINQ\LINQ.csproj", "{C3413182-6C8D-4CA8-81E6-E7814CE1DC19}"
EndProject
Project("{FAE04EC0-301F-11D3-BF4B-00C04F79EFBC}") = "LINQ_Tests", "LINQ_Tests\LINQ_Tests.csproj", "{E3AFB59C-9623-4097-88B7-44E5A64CC9D3}"
EndProject
Project("{FAE04EC0-301F-11D3-BF4B-00C04F79EFBC}") = "LINQ.Domain", "LINQ.Domain\LINQ.Domain.csproj", "{7956977D-B59C-482D-9CA4-000710ED3EA5}"
EndProject
Global
	GlobalSection(SolutionConfigurationPlatforms) = preSolution
		Debug|Any CPU = Debug|Any CPU
		Release|Any CPU = Release|Any CPU
	EndGlobalSection
	GlobalSection(ProjectConfigurationPlatforms) = postSolution
		{C3413182-6C8D-4CA8-81E6-E7814CE1DC19}.Debug|Any CPU.ActiveCfg = Debug|Any CPU
		{C3413182-6C8D-4CA8-81E6-E7814CE1DC19}.Debug|Any CPU.Build.0 = Debug|Any CPU
		{C3413182-6C8D-4CA8-81E6-E7814CE1DC19}.Release|Any CPU.ActiveCfg = Release|Any CPU
		{C3413182-6C8D-4CA8-81E6-E7814CE1DC19}.Release|Any CPU.Build.0 = Release|Any CPU
		{E3AFB59C-9623-4097-88B7-44E5A64CC9D3}.Debug|Any CPU.ActiveCfg = Debug|Any CPU
		{E3AFB59C-9623-4097-88B7-44E5A64CC9D3}.Debug|Any CPU.Build.0 = Debug|Any CPU
		{E3AFB59C-9623-4097-88B7-44E5A64CC9D3}.Release|Any CPU.ActiveCfg = Release|Any CPU
		{E3AFB59C-9623-4097-88B7-44E5A64CC9D3}.Release|Any CPU.Build.0 = Release|Any CPU
		{7956977D-B59C-482D-9CA4-000710ED3EA5}.Debug|Any CPU.ActiveCfg = Debug|Any CPU
		{7956977D-B59C-482D-9CA4-000710ED3EA5}.Debug|Any CPU.Build.0 = Debug|Any CPU
		{7956977D-B59C-482D-9CA4-000710ED3EA5}.Release|Any CPU.ActiveCfg = Release|Any CPU
		{7956977D-B59C-482D-9CA4-000710ED3EA5}.Release|Any CPU.Build.0 = Release|Any CPU
	EndGlobalSection
	GlobalSection(SolutionProperties) = preSolution
		HideSolutionNode = FALSE
	EndGlobalSection
	GlobalSection(ExtensibilityGlobals) = postSolution
		SolutionGuid = {3A7E79D6-217E-417B-A35B-C136D6FD354F}
	EndGlobalSection
EndGlobal
